
Microsoft Visual Studio Solution File, Format Version 12.00
# Visual Studio Version 17
VisualStudioVersion = 17.3.32819.101
MinimumVisualStudioVersion = 10.0.40219.1
Project("{FAE04EC0-301F-11D3-BF4B-00C04F79EFBC}") = "FloatingImageViewer", "FloatingImageViewer\FloatingImageViewer.csproj", "{AFB743DE-70D9-498C-A707-AD7D7A6CDDF3}"
EndProject
Global
	GlobalSection(SolutionConfigurationPlatforms) = preSolution
		Debug|Any CPU = Debug|Any CPU
		Release|Any CPU = Release|Any CPU
	EndGlobalSection
	GlobalSection(ProjectConfigurationPlatforms) = postSolution
		{AFB743DE-70D9-498C-A707-AD7D7A6CDDF3}.Debug|Any CPU.ActiveCfg = Debug|Any CPU
		{AFB743DE-70D9-498C-A707-AD7D7A6CDDF3}.Debug|Any CPU.Build.0 = Debug|Any CPU
		{AFB743DE-70D9-498C-A707-AD7D7A6CDDF3}.Release|Any CPU.ActiveCfg = Release|Any CPU
		{AFB743DE-70D9-498C-A707-AD7D7A6CDDF3}.Release|Any CPU.Build.0 = Release|Any CPU
	EndGlobalSection
	GlobalSection(SolutionProperties) = preSolution
		HideSolutionNode = FALSE
	EndGlobalSection
	GlobalSection(ExtensibilityGlobals) = postSolution
		SolutionGuid = {790583EA-4161-40F1-8F05-FC1FCDF81C6A}
	EndGlobalSection
EndGlobal
